// !$*UTF8*$!
{
	archiveVersion = 1;
	classes = {
	};
	objectVersion = 50;
	objects = {

/* Begin PBXBuildFile section */
		9F4104C32517DEF300804E32 /* SandwichDetail.swift in Sources */ = {isa = PBXBuildFile; fileRef = 9F4104C22517DEF300804E32 /* SandwichDetail.swift */; };
		9F4104C52517E0B400804E32 /* SandwichCell.swift in Sources */ = {isa = PBXBuildFile; fileRef = 9F4104C42517E0B400804E32 /* SandwichCell.swift */; };
		9F9F89C8251BDBDB00865B9B /* SandwichStore.swift in Sources */ = {isa = PBXBuildFile; fileRef = 9F9F89C7251BDBDB00865B9B /* SandwichStore.swift */; };
		9FBA684A2517AF2600AADDF0 /* Food_TrackerApp.swift in Sources */ = {isa = PBXBuildFile; fileRef = 9FBA68492517AF2600AADDF0 /* Food_TrackerApp.swift */; };
		9FBA684C2517AF2600AADDF0 /* ContentView.swift in Sources */ = {isa = PBXBuildFile; fileRef = 9FBA684B2517AF2600AADDF0 /* ContentView.swift */; };
		9FBA684E2517AF2700AADDF0 /* Assets.xcassets in Resources */ = {isa = PBXBuildFile; fileRef = 9FBA684D2517AF2700AADDF0 /* Assets.xcassets */; };
		9FBA68562517AF2700AADDF0 /* Food_Tracker.xcdatamodeld in Sources */ = {isa = PBXBuildFile; fileRef = 9FBA68542517AF2700AADDF0 /* Food_Tracker.xcdatamodeld */; };
		9FBA685E2517C10500AADDF0 /* Sandwich.swift in Sources */ = {isa = PBXBuildFile; fileRef = 9FBA685D2517C10500AADDF0 /* Sandwich.swift */; };
		9FBA685F2517CD5100AADDF0 /* Preview Assets.xcassets in Resources */ = {isa = PBXBuildFile; fileRef = 9FBA68502517AF2700AADDF0 /* Preview Assets.xcassets */; };
		9FBAE3F2251E6B30004A4866 /* NewSandwich.swift in Sources */ = {isa = PBXBuildFile; fileRef = 9FBAE3F1251E6B30004A4866 /* NewSandwich.swift */; };
/* End PBXBuildFile section */

/* Begin PBXFileReference section */
		9F4104C22517DEF300804E32 /* SandwichDetail.swift */ = {isa = PBXFileReference; indentWidth = 2; lastKnownFileType = sourcecode.swift; path = SandwichDetail.swift; sourceTree = "<group>"; tabWidth = 2; };
		9F4104C42517E0B400804E32 /* SandwichCell.swift */ = {isa = PBXFileReference; indentWidth = 2; lastKnownFileType = sourcecode.swift; path = SandwichCell.swift; sourceTree = "<group>"; tabWidth = 2; };
		9F9F89C7251BDBDB00865B9B /* SandwichStore.swift */ = {isa = PBXFileReference; lastKnownFileType = sourcecode.swift; path = SandwichStore.swift; sourceTree = "<group>"; };
		9FBA68462517AF2600AADDF0 /* Food Tracker.app */ = {isa = PBXFileReference; explicitFileType = wrapper.application; includeInIndex = 0; path = "Food Tracker.app"; sourceTree = BUILT_PRODUCTS_DIR; };
		9FBA68492517AF2600AADDF0 /* Food_TrackerApp.swift */ = {isa = PBXFileReference; indentWidth = 2; lastKnownFileType = sourcecode.swift; path = Food_TrackerApp.swift; sourceTree = "<group>"; tabWidth = 2; };
		9FBA684B2517AF2600AADDF0 /* ContentView.swift */ = {isa = PBXFileReference; explicitFileType = sourcecode.swift; indentWidth = 2; name = ContentView.swift; path = "Food Tracker/ContentView.swift"; sourceTree = SOURCE_ROOT; tabWidth = 2; usesTabs = 0; wrapsLines = 0; };
		9FBA684D2517AF2700AADDF0 /* Assets.xcassets */ = {isa = PBXFileReference; lastKnownFileType = folder.assetcatalog; path = Assets.xcassets; sourceTree = "<group>"; };
		9FBA68502517AF2700AADDF0 /* Preview Assets.xcassets */ = {isa = PBXFileReference; lastKnownFileType = folder.assetcatalog; path = "Preview Assets.xcassets"; sourceTree = "<group>"; };
		9FBA68552517AF2700AADDF0 /* Food_Tracker.xcdatamodel */ = {isa = PBXFileReference; lastKnownFileType = wrapper.xcdatamodel; path = Food_Tracker.xcdatamodel; sourceTree = "<group>"; };
		9FBA68572517AF2700AADDF0 /* Info.plist */ = {isa = PBXFileReference; lastKnownFileType = text.plist.xml; path = Info.plist; sourceTree = "<group>"; };
		9FBA685D2517C10500AADDF0 /* Sandwich.swift */ = {isa = PBXFileReference; lastKnownFileType = sourcecode.swift; path = Sandwich.swift; sourceTree = "<group>"; };
		9FBAE3F1251E6B30004A4866 /* NewSandwich.swift */ = {isa = PBXFileReference; indentWidth = 2; lastKnownFileType = sourcecode.swift; path = NewSandwich.swift; sourceTree = "<group>"; tabWidth = 2; usesTabs = 1; };
/* End PBXFileReference section */

/* Begin PBXFrameworksBuildPhase section */
		9FBA68432517AF2600AADDF0 /* Frameworks */ = {
			isa = PBXFrameworksBuildPhase;
			buildActionMask = 2147483647;
			files = (
			);
			runOnlyForDeploymentPostprocessing = 0;
		};
/* End PBXFrameworksBuildPhase section */

/* Begin PBXGroup section */
		9FBA683D2517AF2600AADDF0 = {
			isa = PBXGroup;
			children = (
				9FBA68482517AF2600AADDF0 /* Food Tracker */,
				9FBA68472517AF2600AADDF0 /* Products */,
			);
			sourceTree = "<group>";
		};
		9FBA68472517AF2600AADDF0 /* Products */ = {
			isa = PBXGroup;
			children = (
				9FBA68462517AF2600AADDF0 /* Food Tracker.app */,
			);
			name = Products;
			sourceTree = "<group>";
		};
		9FBA68482517AF2600AADDF0 /* Food Tracker */ = {
			isa = PBXGroup;
			children = (
				9FBA684B2517AF2600AADDF0 /* ContentView.swift */,
				9FBA68492517AF2600AADDF0 /* Food_TrackerApp.swift */,
				9FBA684D2517AF2700AADDF0 /* Assets.xcassets */,
				9FBA68572517AF2700AADDF0 /* Info.plist */,
				9FBA68542517AF2700AADDF0 /* Food_Tracker.xcdatamodeld */,
				9FBA684F2517AF2700AADDF0 /* Preview Content */,
				9FBA685D2517C10500AADDF0 /* Sandwich.swift */,
				9F4104C22517DEF300804E32 /* SandwichDetail.swift */,
				9F4104C42517E0B400804E32 /* SandwichCell.swift */,
				9F9F89C7251BDBDB00865B9B /* SandwichStore.swift */,
				9FBAE3F1251E6B30004A4866 /* NewSandwich.swift */,
			);
			path = "Food Tracker";
			sourceTree = "<group>";
		};
		9FBA684F2517AF2700AADDF0 /* Preview Content */ = {
			isa = PBXGroup;
			children = (
				9FBA68502517AF2700AADDF0 /* Preview Assets.xcassets */,
			);
			path = "Preview Content";
			sourceTree = "<group>";
		};
/* End PBXGroup section */

/* Begin PBXNativeTarget section */
		9FBA68452517AF2600AADDF0 /* Food Tracker */ = {
			isa = PBXNativeTarget;
			buildConfigurationList = 9FBA685A2517AF2700AADDF0 /* Build configuration list for PBXNativeTarget "Food Tracker" */;
			buildPhases = (
				9FBA68422517AF2600AADDF0 /* Sources */,
				9FBA68432517AF2600AADDF0 /* Frameworks */,
				9FBA68442517AF2600AADDF0 /* Resources */,
			);
			buildRules = (
			);
			dependencies = (
			);
			name = "Food Tracker";
			productName = "Food Tracker";
			productReference = 9FBA68462517AF2600AADDF0 /* Food Tracker.app */;
			productType = "com.apple.product-type.application";
		};
/* End PBXNativeTarget section */

/* Begin PBXProject section */
		9FBA683E2517AF2600AADDF0 /* Project object */ = {
			isa = PBXProject;
			attributes = {
				LastSwiftUpdateCheck = 1200;
				LastUpgradeCheck = 1200;
				TargetAttributes = {
					9FBA68452517AF2600AADDF0 = {
						CreatedOnToolsVersion = 12.0;
					};
				};
			};
			buildConfigurationList = 9FBA68412517AF2600AADDF0 /* Build configuration list for PBXProject "Food Tracker" */;
			compatibilityVersion = "Xcode 9.3";
			developmentRegion = en;
			hasScannedForEncodings = 0;
			knownRegions = (
				en,
				Base,
			);
			mainGroup = 9FBA683D2517AF2600AADDF0;
			productRefGroup = 9FBA68472517AF2600AADDF0 /* Products */;
			projectDirPath = "";
			projectRoot = "";
			targets = (
				9FBA68452517AF2600AADDF0 /* Food Tracker */,
			);
		};
/* End PBXProject section */

/* Begin PBXResourcesBuildPhase section */
		9FBA68442517AF2600AADDF0 /* Resources */ = {
			isa = PBXResourcesBuildPhase;
			buildActionMask = 2147483647;
			files = (
				9FBA685F2517CD5100AADDF0 /* Preview Assets.xcassets in Resources */,
				9FBA684E2517AF2700AADDF0 /* Assets.xcassets in Resources */,
			);
			runOnlyForDeploymentPostprocessing = 0;
		};
/* End PBXResourcesBuildPhase section */

/* Begin PBXSourcesBuildPhase section */
		9FBA68422517AF2600AADDF0 /* Sources */ = {
			isa = PBXSourcesBuildPhase;
			buildActionMask = 2147483647;
			files = (
				9F4104C52517E0B400804E32 /* SandwichCell.swift in Sources */,
				9FBA68562517AF2700AADDF0 /* Food_Tracker.xcdatamodeld in Sources */,
				9FBA684C2517AF2600AADDF0 /* ContentView.swift in Sources */,
				9F9F89C8251BDBDB00865B9B /* SandwichStore.swift in Sources */,
				9FBA685E2517C10500AADDF0 /* Sandwich.swift in Sources */,
				9F4104C32517DEF300804E32 /* SandwichDetail.swift in Sources */,
				9FBA684A2517AF2600AADDF0 /* Food_TrackerApp.swift in Sources */,
				9FBAE3F2251E6B30004A4866 /* NewSandwich.swift in Sources */,
			);
			runOnlyForDeploymentPostprocessing = 0;
		};
/* End PBXSourcesBuildPhase section */

/* Begin XCBuildConfiguration section */
		9FBA68582517AF2700AADDF0 /* Debug */ = {
			isa = XCBuildConfiguration;
			buildSettings = {
				ALWAYS_SEARCH_USER_PATHS = NO;
				CLANG_ANALYZER_NONNULL = YES;
				CLANG_ANALYZER_NUMBER_OBJECT_CONVERSION = YES_AGGRESSIVE;
				CLANG_CXX_LANGUAGE_STANDARD = "gnu++14";
				CLANG_CXX_LIBRARY = "libc++";
				CLANG_ENABLE_MODULES = YES;
				CLANG_ENABLE_OBJC_ARC = YES;
				CLANG_ENABLE_OBJC_WEAK = YES;
				CLANG_WARN_BLOCK_CAPTURE_AUTORELEASING = YES;
				CLANG_WARN_BOOL_CONVERSION = YES;
				CLANG_WARN_COMMA = YES;
				CLANG_WARN_CONSTANT_CONVERSION = YES;
				CLANG_WARN_DEPRECATED_OBJC_IMPLEMENTATIONS = YES;
				CLANG_WARN_DIRECT_OBJC_ISA_USAGE = YES_ERROR;
				CLANG_WARN_DOCUMENTATION_COMMENTS = YES;
				CLANG_WARN_EMPTY_BODY = YES;
				CLANG_WARN_ENUM_CONVERSION = YES;
				CLANG_WARN_INFINITE_RECURSION = YES;
				CLANG_WARN_INT_CONVERSION = YES;
				CLANG_WARN_NON_LITERAL_NULL_CONVERSION = YES;
				CLANG_WARN_OBJC_IMPLICIT_RETAIN_SELF = YES;
				CLANG_WARN_OBJC_LITERAL_CONVERSION = YES;
				CLANG_WARN_OBJC_ROOT_CLASS = YES_ERROR;
				CLANG_WARN_QUOTED_INCLUDE_IN_FRAMEWORK_HEADER = YES;
				CLANG_WARN_RANGE_LOOP_ANALYSIS = YES;
				CLANG_WARN_STRICT_PROTOTYPES = YES;
				CLANG_WARN_SUSPICIOUS_MOVE = YES;
				CLANG_WARN_UNGUARDED_AVAILABILITY = YES_AGGRESSIVE;
				CLANG_WARN_UNREACHABLE_CODE = YES;
				CLANG_WARN__DUPLICATE_METHOD_MATCH = YES;
				COPY_PHASE_STRIP = NO;
				DEBUG_INFORMATION_FORMAT = dwarf;
				ENABLE_STRICT_OBJC_MSGSEND = YES;
				ENABLE_TESTABILITY = YES;
				GCC_C_LANGUAGE_STANDARD = gnu11;
				GCC_DYNAMIC_NO_PIC = NO;
				GCC_NO_COMMON_BLOCKS = YES;
				GCC_OPTIMIZATION_LEVEL = 0;
				GCC_PREPROCESSOR_DEFINITIONS = (
					"DEBUG=1",
					"$(inherited)",
				);
				GCC_WARN_64_TO_32_BIT_CONVERSION = YES;
				GCC_WARN_ABOUT_RETURN_TYPE = YES_ERROR;
				GCC_WARN_UNDECLARED_SELECTOR = YES;
				GCC_WARN_UNINITIALIZED_AUTOS = YES_AGGRESSIVE;
				GCC_WARN_UNUSED_FUNCTION = YES;
				GCC_WARN_UNUSED_VARIABLE = YES;
				IPHONEOS_DEPLOYMENT_TARGET = 14.0;
				MTL_ENABLE_DEBUG_INFO = INCLUDE_SOURCE;
				MTL_FAST_MATH = YES;
				ONLY_ACTIVE_ARCH = YES;
				SDKROOT = iphoneos;
				SWIFT_ACTIVE_COMPILATION_CONDITIONS = DEBUG;
				SWIFT_OPTIMIZATION_LEVEL = "-Onone";
			};
			name = Debug;
		};
		9FBA68592517AF2700AADDF0 /* Release */ = {
			isa = XCBuildConfiguration;
			buildSettings = {
				ALWAYS_SEARCH_USER_PATHS = NO;
				CLANG_ANALYZER_NONNULL = YES;
				CLANG_ANALYZER_NUMBER_OBJECT_CONVERSION = YES_AGGRESSIVE;
				CLANG_CXX_LANGUAGE_STANDARD = "gnu++14";
				CLANG_CXX_LIBRARY = "libc++";
				CLANG_ENABLE_MODULES = YES;
				CLANG_ENABLE_OBJC_ARC = YES;
				CLANG_ENABLE_OBJC_WEAK = YES;
				CLANG_WARN_BLOCK_CAPTURE_AUTORELEASING = YES;
				CLANG_WARN_BOOL_CONVERSION = YES;
				CLANG_WARN_COMMA = YES;
				CLANG_WARN_CONSTANT_CONVERSION = YES;
				CLANG_WARN_DEPRECATED_OBJC_IMPLEMENTATIONS = YES;
				CLANG_WARN_DIRECT_OBJC_ISA_USAGE = YES_ERROR;
				CLANG_WARN_DOCUMENTATION_COMMENTS = YES;
				CLANG_WARN_EMPTY_BODY = YES;
				CLANG_WARN_ENUM_CONVERSION = YES;
				CLANG_WARN_INFINITE_RECURSION = YES;
				CLANG_WARN_INT_CONVERSION = YES;
				CLANG_WARN_NON_LITERAL_NULL_CONVERSION = YES;
				CLANG_WARN_OBJC_IMPLICIT_RETAIN_SELF = YES;
				CLANG_WARN_OBJC_LITERAL_CONVERSION = YES;
				CLANG_WARN_OBJC_ROOT_CLASS = YES_ERROR;
				CLANG_WARN_QUOTED_INCLUDE_IN_FRAMEWORK_HEADER = YES;
				CLANG_WARN_RANGE_LOOP_ANALYSIS = YES;
				CLANG_WARN_STRICT_PROTOTYPES = YES;
				CLANG_WARN_SUSPICIOUS_MOVE = YES;
				CLANG_WARN_UNGUARDED_AVAILABILITY = YES_AGGRESSIVE;
				CLANG_WARN_UNREACHABLE_CODE = YES;
				CLANG_WARN__DUPLICATE_METHOD_MATCH = YES;
				COPY_PHASE_STRIP = NO;
				DEBUG_INFORMATION_FORMAT = "dwarf-with-dsym";
				ENABLE_NS_ASSERTIONS = NO;
				ENABLE_STRICT_OBJC_MSGSEND = YES;
				GCC_C_LANGUAGE_STANDARD = gnu11;
				GCC_NO_COMMON_BLOCKS = YES;
				GCC_WARN_64_TO_32_BIT_CONVERSION = YES;
				GCC_WARN_ABOUT_RETURN_TYPE = YES_ERROR;
				GCC_WARN_UNDECLARED_SELECTOR = YES;
				GCC_WARN_UNINITIALIZED_AUTOS = YES_AGGRESSIVE;
				GCC_WARN_UNUSED_FUNCTION = YES;
				GCC_WARN_UNUSED_VARIABLE = YES;
				IPHONEOS_DEPLOYMENT_TARGET = 14.0;
				MTL_ENABLE_DEBUG_INFO = NO;
				MTL_FAST_MATH = YES;
				SDKROOT = iphoneos;
				SWIFT_COMPILATION_MODE = wholemodule;
				SWIFT_OPTIMIZATION_LEVEL = "-O";
				VALIDATE_PRODUCT = YES;
			};
			name = Release;
		};
		9FBA685B2517AF2700AADDF0 /* Debug */ = {
			isa = XCBuildConfiguration;
			buildSettings = {
				ASSETCATALOG_COMPILER_APPICON_NAME = AppIcon;
				ASSETCATALOG_COMPILER_GLOBAL_ACCENT_COLOR_NAME = AccentColor;
				CODE_SIGN_STYLE = Automatic;
				DEVELOPMENT_ASSET_PATHS = "\"Food Tracker/Preview Content\"";
				ENABLE_PREVIEWS = YES;
				INFOPLIST_FILE = "Food Tracker/Info.plist";
				IPHONEOS_DEPLOYMENT_TARGET = 14.0;
				LD_RUNPATH_SEARCH_PATHS = (
					"$(inherited)",
					"@executable_path/Frameworks",
				);
				PRODUCT_BUNDLE_IDENTIFIER = "com.example.Food-Tracker";
				PRODUCT_NAME = "$(TARGET_NAME)";
				SWIFT_VERSION = 5.0;
				TARGETED_DEVICE_FAMILY = "1,2";
			};
			name = Debug;
		};
		9FBA685C2517AF2700AADDF0 /* Release */ = {
			isa = XCBuildConfiguration;
			buildSettings = {
				ASSETCATALOG_COMPILER_APPICON_NAME = AppIcon;
				ASSETCATALOG_COMPILER_GLOBAL_ACCENT_COLOR_NAME = AccentColor;
				CODE_SIGN_STYLE = Automatic;
				DEVELOPMENT_ASSET_PATHS = "\"Food Tracker/Preview Content\"";
				ENABLE_PREVIEWS = YES;
				INFOPLIST_FILE = "Food Tracker/Info.plist";
				IPHONEOS_DEPLOYMENT_TARGET = 14.0;
				LD_RUNPATH_SEARCH_PATHS = (
					"$(inherited)",
					"@executable_path/Frameworks",
				);
				PRODUCT_BUNDLE_IDENTIFIER = "com.example.Food-Tracker";
				PRODUCT_NAME = "$(TARGET_NAME)";
				SWIFT_VERSION = 5.0;
				TARGETED_DEVICE_FAMILY = "1,2";
			};
			name = Release;
		};
/* End XCBuildConfiguration section */

/* Begin XCConfigurationList section */
		9FBA68412517AF2600AADDF0 /* Build configuration list for PBXProject "Food Tracker" */ = {
			isa = XCConfigurationList;
			buildConfigurations = (
				9FBA68582517AF2700AADDF0 /* Debug */,
				9FBA68592517AF2700AADDF0 /* Release */,
			);
			defaultConfigurationIsVisible = 0;
			defaultConfigurationName = Release;
		};
		9FBA685A2517AF2700AADDF0 /* Build configuration list for PBXNativeTarget "Food Tracker" */ = {
			isa = XCConfigurationList;
			buildConfigurations = (
				9FBA685B2517AF2700AADDF0 /* Debug */,
				9FBA685C2517AF2700AADDF0 /* Release */,
			);
			defaultConfigurationIsVisible = 0;
			defaultConfigurationName = Release;
		};
/* End XCConfigurationList section */

/* Begin XCVersionGroup section */
		9FBA68542517AF2700AADDF0 /* Food_Tracker.xcdatamodeld */ = {
			isa = XCVersionGroup;
			children = (
				9FBA68552517AF2700AADDF0 /* Food_Tracker.xcdatamodel */,
			);
			currentVersion = 9FBA68552517AF2700AADDF0 /* Food_Tracker.xcdatamodel */;
			path = Food_Tracker.xcdatamodeld;
			sourceTree = "<group>";
			versionGroupType = wrapper.xcdatamodel;
		};
/* End XCVersionGroup section */
	};
	rootObject = 9FBA683E2517AF2600AADDF0 /* Project object */;
}
